
Microsoft Visual Studio Solution File, Format Version 12.00
# Visual Studio Version 16
VisualStudioVersion = 16.0.31624.102
MinimumVisualStudioVersion = 10.0.40219.1
Project("{8BC9CEB8-8B4A-11D0-8D11-00A0C91BC942}") = "Boids", "Boids.vcxproj", "{FE2BF0C8-712B-44DA-AC56-8C43C21E5B96}"
EndProject
Global
	GlobalSection(SolutionConfigurationPlatforms) = preSolution
		Debug|x64 = Debug|x64
		Release|x64 = Release|x64
	EndGlobalSection
	GlobalSection(ProjectConfigurationPlatforms) = postSolution
		{FE2BF0C8-712B-44DA-AC56-8C43C21E5B96}.Debug|x64.ActiveCfg = Debug|x64
		{FE2BF0C8-712B-44DA-AC56-8C43C21E5B96}.Debug|x64.Build.0 = Debug|x64
		{FE2BF0C8-712B-44DA-AC56-8C43C21E5B96}.Release|x64.ActiveCfg = Release|x64
		{FE2BF0C8-712B-44DA-AC56-8C43C21E5B96}.Release|x64.Build.0 = Release|x64
	EndGlobalSection
	GlobalSection(SolutionProperties) = preSolution
		HideSolutionNode = FALSE
	EndGlobalSection
	GlobalSection(ExtensibilityGlobals) = postSolution
		SolutionGuid = {580BB25A-7FE6-4FC3-8B23-8F751CE82608}
	EndGlobalSection
EndGlobal
